
Microsoft Visual Studio Solution File, Format Version 12.00
# Visual Studio Version 17
VisualStudioVersion = 17.9.34902.65
MinimumVisualStudioVersion = 10.0.40219.1
Project("{9A19103F-16F7-4668-BE54-9A1E7A4F7556}") = "EpicMMOVRFix", "EpicMMOVRFix.csproj", "{2AE871BD-42F6-442F-B3BC-09FBA86DC27D}"
EndProject
Global
	GlobalSection(SolutionConfigurationPlatforms) = preSolution
		Debug|Any CPU = Debug|Any CPU
		Release|Any CPU = Release|Any CPU
	EndGlobalSection
	GlobalSection(ProjectConfigurationPlatforms) = postSolution
		{2AE871BD-42F6-442F-B3BC-09FBA86DC27D}.Debug|Any CPU.ActiveCfg = Debug|Any CPU
		{2AE871BD-42F6-442F-B3BC-09FBA86DC27D}.Debug|Any CPU.Build.0 = Debug|Any CPU
		{2AE871BD-42F6-442F-B3BC-09FBA86DC27D}.Release|Any CPU.ActiveCfg = Release|Any CPU
		{2AE871BD-42F6-442F-B3BC-09FBA86DC27D}.Release|Any CPU.Build.0 = Release|Any CPU
	EndGlobalSection
	GlobalSection(SolutionProperties) = preSolution
		HideSolutionNode = FALSE
	EndGlobalSection
	GlobalSection(ExtensibilityGlobals) = postSolution
		SolutionGuid = {1D8BFB73-85A9-42E3-90F9-501B8F07618C}
	EndGlobalSection
EndGlobal
